// !$*UTF8*$!
{
	archiveVersion = 1;
	classes = {
	};
	objectVersion = 46;
	objects = {

/* Begin PBXBuildFile section */
		DD1EF6481AF305840051B81B /* AddToDoItemViewControllerSpec.m in Sources */ = {isa = PBXBuildFile; fileRef = DD1EF6471AF305840051B81B /* AddToDoItemViewControllerSpec.m */; };
		DD1EF6491AF305B80051B81B /* AddToDoItemViewController.m in Sources */ = {isa = PBXBuildFile; fileRef = DD47CA9A1AE7371800B4A7E6 /* AddToDoItemViewController.m */; };
		DD47CA9B1AE7371800B4A7E6 /* AddToDoItemViewController.m in Sources */ = {isa = PBXBuildFile; fileRef = DD47CA9A1AE7371800B4A7E6 /* AddToDoItemViewController.m */; };
		DD47CA9E1AE737A600B4A7E6 /* ToDoListTableViewController.m in Sources */ = {isa = PBXBuildFile; fileRef = DD47CA9D1AE737A600B4A7E6 /* ToDoListTableViewController.m */; };
		DD8AA17E1AF5926000F18DA4 /* ToDoListTableViewControllerSpec.m in Sources */ = {isa = PBXBuildFile; fileRef = DD8AA17D1AF5926000F18DA4 /* ToDoListTableViewControllerSpec.m */; };
		DD8AA17F1AF5927300F18DA4 /* ToDoListTableViewController.m in Sources */ = {isa = PBXBuildFile; fileRef = DD47CA9D1AE737A600B4A7E6 /* ToDoListTableViewController.m */; };
		DD8D4A8D1AEAF467005101B5 /* ToDoItem.m in Sources */ = {isa = PBXBuildFile; fileRef = DD8D4A8C1AEAF467005101B5 /* ToDoItem.m */; };
		DD9DF89A1AB4E69F005BC96F /* main.m in Sources */ = {isa = PBXBuildFile; fileRef = DD9DF8991AB4E69F005BC96F /* main.m */; };
		DD9DF89D1AB4E69F005BC96F /* AppDelegate.m in Sources */ = {isa = PBXBuildFile; fileRef = DD9DF89C1AB4E69F005BC96F /* AppDelegate.m */; };
		DD9DF8A31AB4E69F005BC96F /* Main.storyboard in Resources */ = {isa = PBXBuildFile; fileRef = DD9DF8A11AB4E69F005BC96F /* Main.storyboard */; };
		DD9DF8A51AB4E69F005BC96F /* Images.xcassets in Resources */ = {isa = PBXBuildFile; fileRef = DD9DF8A41AB4E69F005BC96F /* Images.xcassets */; };
		DD9DF8A81AB4E69F005BC96F /* LaunchScreen.xib in Resources */ = {isa = PBXBuildFile; fileRef = DD9DF8A61AB4E69F005BC96F /* LaunchScreen.xib */; };
		DDEBE8421AF1D914002847EE /* ToDoItemSpec.m in Sources */ = {isa = PBXBuildFile; fileRef = DDEBE8411AF1D914002847EE /* ToDoItemSpec.m */; };
		DDEBE8431AF1D979002847EE /* ToDoItem.m in Sources */ = {isa = PBXBuildFile; fileRef = DD8D4A8C1AEAF467005101B5 /* ToDoItem.m */; };
/* End PBXBuildFile section */

/* Begin PBXContainerItemProxy section */
		DD9DF8AE1AB4E69F005BC96F /* PBXContainerItemProxy */ = {
			isa = PBXContainerItemProxy;
			containerPortal = DD9DF88C1AB4E69F005BC96F /* Project object */;
			proxyType = 1;
			remoteGlobalIDString = DD9DF8931AB4E69F005BC96F;
			remoteInfo = ToDoList;
		};
/* End PBXContainerItemProxy section */

/* Begin PBXFileReference section */
		DD1EF6471AF305840051B81B /* AddToDoItemViewControllerSpec.m */ = {isa = PBXFileReference; fileEncoding = 4; lastKnownFileType = sourcecode.c.objc; path = AddToDoItemViewControllerSpec.m; sourceTree = "<group>"; };
		DD47CA991AE7371800B4A7E6 /* AddToDoItemViewController.h */ = {isa = PBXFileReference; fileEncoding = 4; lastKnownFileType = sourcecode.c.h; name = AddToDoItemViewController.h; path = ../AddToDoItemViewController.h; sourceTree = "<group>"; };
		DD47CA9A1AE7371800B4A7E6 /* AddToDoItemViewController.m */ = {isa = PBXFileReference; fileEncoding = 4; lastKnownFileType = sourcecode.c.objc; name = AddToDoItemViewController.m; path = ../AddToDoItemViewController.m; sourceTree = "<group>"; };
		DD47CA9C1AE737A600B4A7E6 /* ToDoListTableViewController.h */ = {isa = PBXFileReference; fileEncoding = 4; lastKnownFileType = sourcecode.c.h; path = ToDoListTableViewController.h; sourceTree = SOURCE_ROOT; };
		DD47CA9D1AE737A600B4A7E6 /* ToDoListTableViewController.m */ = {isa = PBXFileReference; fileEncoding = 4; lastKnownFileType = sourcecode.c.objc; path = ToDoListTableViewController.m; sourceTree = SOURCE_ROOT; };
		DD8AA17D1AF5926000F18DA4 /* ToDoListTableViewControllerSpec.m */ = {isa = PBXFileReference; fileEncoding = 4; lastKnownFileType = sourcecode.c.objc; path = ToDoListTableViewControllerSpec.m; sourceTree = "<group>"; };
		DD8D4A8B1AEAF467005101B5 /* ToDoItem.h */ = {isa = PBXFileReference; fileEncoding = 4; lastKnownFileType = sourcecode.c.h; name = ToDoItem.h; path = ../ToDoItem.h; sourceTree = "<group>"; };
		DD8D4A8C1AEAF467005101B5 /* ToDoItem.m */ = {isa = PBXFileReference; fileEncoding = 4; lastKnownFileType = sourcecode.c.objc; name = ToDoItem.m; path = ../ToDoItem.m; sourceTree = "<group>"; };
		DD9DF8941AB4E69F005BC96F /* ToDoList.app */ = {isa = PBXFileReference; explicitFileType = wrapper.application; includeInIndex = 0; path = ToDoList.app; sourceTree = BUILT_PRODUCTS_DIR; };
		DD9DF8981AB4E69F005BC96F /* Info.plist */ = {isa = PBXFileReference; lastKnownFileType = text.plist.xml; path = Info.plist; sourceTree = "<group>"; };
		DD9DF8991AB4E69F005BC96F /* main.m */ = {isa = PBXFileReference; lastKnownFileType = sourcecode.c.objc; path = main.m; sourceTree = "<group>"; };
		DD9DF89B1AB4E69F005BC96F /* AppDelegate.h */ = {isa = PBXFileReference; lastKnownFileType = sourcecode.c.h; path = AppDelegate.h; sourceTree = "<group>"; };
		DD9DF89C1AB4E69F005BC96F /* AppDelegate.m */ = {isa = PBXFileReference; lastKnownFileType = sourcecode.c.objc; path = AppDelegate.m; sourceTree = "<group>"; };
		DD9DF8A21AB4E69F005BC96F /* Base */ = {isa = PBXFileReference; lastKnownFileType = file.storyboard; name = Base; path = Base.lproj/Main.storyboard; sourceTree = "<group>"; };
		DD9DF8A41AB4E69F005BC96F /* Images.xcassets */ = {isa = PBXFileReference; lastKnownFileType = folder.assetcatalog; path = Images.xcassets; sourceTree = "<group>"; };
		DD9DF8A71AB4E69F005BC96F /* Base */ = {isa = PBXFileReference; lastKnownFileType = file.xib; name = Base; path = Base.lproj/LaunchScreen.xib; sourceTree = "<group>"; };
		DD9DF8AD1AB4E69F005BC96F /* ToDoListTests.xctest */ = {isa = PBXFileReference; explicitFileType = wrapper.cfbundle; includeInIndex = 0; path = ToDoListTests.xctest; sourceTree = BUILT_PRODUCTS_DIR; };
		DD9DF8B21AB4E69F005BC96F /* Info.plist */ = {isa = PBXFileReference; lastKnownFileType = text.plist.xml; path = Info.plist; sourceTree = "<group>"; };
		DDEBE8411AF1D914002847EE /* ToDoItemSpec.m */ = {isa = PBXFileReference; fileEncoding = 4; lastKnownFileType = sourcecode.c.objc; path = ToDoItemSpec.m; sourceTree = "<group>"; };
/* End PBXFileReference section */

/* Begin PBXFrameworksBuildPhase section */
		DD9DF8911AB4E69F005BC96F /* Frameworks */ = {
			isa = PBXFrameworksBuildPhase;
			buildActionMask = 2147483647;
			files = (
			);
			runOnlyForDeploymentPostprocessing = 0;
		};
		DD9DF8AA1AB4E69F005BC96F /* Frameworks */ = {
			isa = PBXFrameworksBuildPhase;
			buildActionMask = 2147483647;
			files = (
			);
			runOnlyForDeploymentPostprocessing = 0;
		};
/* End PBXFrameworksBuildPhase section */

/* Begin PBXGroup section */
		DD9DF88B1AB4E69F005BC96F = {
			isa = PBXGroup;
			children = (
				DD9DF8961AB4E69F005BC96F /* ToDoList */,
				DD9DF8B01AB4E69F005BC96F /* ToDoListTests */,
				DD9DF8951AB4E69F005BC96F /* Products */,
			);
			sourceTree = "<group>";
		};
		DD9DF8951AB4E69F005BC96F /* Products */ = {
			isa = PBXGroup;
			children = (
				DD9DF8941AB4E69F005BC96F /* ToDoList.app */,
				DD9DF8AD1AB4E69F005BC96F /* ToDoListTests.xctest */,
			);
			name = Products;
			sourceTree = "<group>";
		};
		DD9DF8961AB4E69F005BC96F /* ToDoList */ = {
			isa = PBXGroup;
			children = (
				DD47CA991AE7371800B4A7E6 /* AddToDoItemViewController.h */,
				DD47CA9A1AE7371800B4A7E6 /* AddToDoItemViewController.m */,
				DD47CA9C1AE737A600B4A7E6 /* ToDoListTableViewController.h */,
				DD47CA9D1AE737A600B4A7E6 /* ToDoListTableViewController.m */,
				DD8D4A8B1AEAF467005101B5 /* ToDoItem.h */,
				DD8D4A8C1AEAF467005101B5 /* ToDoItem.m */,
				DD9DF89B1AB4E69F005BC96F /* AppDelegate.h */,
				DD9DF89C1AB4E69F005BC96F /* AppDelegate.m */,
				DD9DF8A11AB4E69F005BC96F /* Main.storyboard */,
				DD9DF8A41AB4E69F005BC96F /* Images.xcassets */,
				DD9DF8A61AB4E69F005BC96F /* LaunchScreen.xib */,
				DD9DF8971AB4E69F005BC96F /* Supporting Files */,
			);
			path = ToDoList;
			sourceTree = "<group>";
		};
		DD9DF8971AB4E69F005BC96F /* Supporting Files */ = {
			isa = PBXGroup;
			children = (
				DD9DF8981AB4E69F005BC96F /* Info.plist */,
				DD9DF8991AB4E69F005BC96F /* main.m */,
			);
			name = "Supporting Files";
			sourceTree = "<group>";
		};
		DD9DF8B01AB4E69F005BC96F /* ToDoListTests */ = {
			isa = PBXGroup;
			children = (
				DDEBE8411AF1D914002847EE /* ToDoItemSpec.m */,
				DD1EF6471AF305840051B81B /* AddToDoItemViewControllerSpec.m */,
				DD8AA17D1AF5926000F18DA4 /* ToDoListTableViewControllerSpec.m */,
				DD9DF8B11AB4E69F005BC96F /* Supporting Files */,
			);
			path = ToDoListTests;
			sourceTree = "<group>";
		};
		DD9DF8B11AB4E69F005BC96F /* Supporting Files */ = {
			isa = PBXGroup;
			children = (
				DD9DF8B21AB4E69F005BC96F /* Info.plist */,
			);
			name = "Supporting Files";
			sourceTree = "<group>";
		};
/* End PBXGroup section */

/* Begin PBXNativeTarget section */
		DD9DF8931AB4E69F005BC96F /* ToDoList */ = {
			isa = PBXNativeTarget;
			buildConfigurationList = DD9DF8B71AB4E69F005BC96F /* Build configuration list for PBXNativeTarget "ToDoList" */;
			buildPhases = (
				DD9DF8901AB4E69F005BC96F /* Sources */,
				DD9DF8911AB4E69F005BC96F /* Frameworks */,
				DD9DF8921AB4E69F005BC96F /* Resources */,
			);
			buildRules = (
			);
			dependencies = (
			);
			name = ToDoList;
			productName = ToDoList;
			productReference = DD9DF8941AB4E69F005BC96F /* ToDoList.app */;
			productType = "com.apple.product-type.application";
		};
		DD9DF8AC1AB4E69F005BC96F /* ToDoListTests */ = {
			isa = PBXNativeTarget;
			buildConfigurationList = DD9DF8BA1AB4E69F005BC96F /* Build configuration list for PBXNativeTarget "ToDoListTests" */;
			buildPhases = (
				DD9DF8A91AB4E69F005BC96F /* Sources */,
				DD9DF8AA1AB4E69F005BC96F /* Frameworks */,
				DD9DF8AB1AB4E69F005BC96F /* Resources */,
			);
			buildRules = (
			);
			dependencies = (
				DD9DF8AF1AB4E69F005BC96F /* PBXTargetDependency */,
			);
			name = ToDoListTests;
			productName = ToDoListTests;
			productReference = DD9DF8AD1AB4E69F005BC96F /* ToDoListTests.xctest */;
			productType = "com.apple.product-type.bundle.unit-test";
		};
/* End PBXNativeTarget section */

/* Begin PBXProject section */
		DD9DF88C1AB4E69F005BC96F /* Project object */ = {
			isa = PBXProject;
			attributes = {
				LastUpgradeCheck = 0620;
				ORGANIZATIONNAME = com.DavisKoh;
				TargetAttributes = {
					DD9DF8931AB4E69F005BC96F = {
						CreatedOnToolsVersion = 6.2;
					};
					DD9DF8AC1AB4E69F005BC96F = {
						CreatedOnToolsVersion = 6.2;
						TestTargetID = DD9DF8931AB4E69F005BC96F;
					};
				};
			};
			buildConfigurationList = DD9DF88F1AB4E69F005BC96F /* Build configuration list for PBXProject "ToDoList" */;
			compatibilityVersion = "Xcode 3.2";
			developmentRegion = English;
			hasScannedForEncodings = 0;
			knownRegions = (
				en,
				Base,
			);
			mainGroup = DD9DF88B1AB4E69F005BC96F;
			productRefGroup = DD9DF8951AB4E69F005BC96F /* Products */;
			projectDirPath = "";
			projectRoot = "";
			targets = (
				DD9DF8931AB4E69F005BC96F /* ToDoList */,
				DD9DF8AC1AB4E69F005BC96F /* ToDoListTests */,
			);
		};
/* End PBXProject section */

/* Begin PBXResourcesBuildPhase section */
		DD9DF8921AB4E69F005BC96F /* Resources */ = {
			isa = PBXResourcesBuildPhase;
			buildActionMask = 2147483647;
			files = (
				DD9DF8A31AB4E69F005BC96F /* Main.storyboard in Resources */,
				DD9DF8A81AB4E69F005BC96F /* LaunchScreen.xib in Resources */,
				DD9DF8A51AB4E69F005BC96F /* Images.xcassets in Resources */,
			);
			runOnlyForDeploymentPostprocessing = 0;
		};
		DD9DF8AB1AB4E69F005BC96F /* Resources */ = {
			isa = PBXResourcesBuildPhase;
			buildActionMask = 2147483647;
			files = (
			);
			runOnlyForDeploymentPostprocessing = 0;
		};
/* End PBXResourcesBuildPhase section */

/* Begin PBXSourcesBuildPhase section */
		DD9DF8901AB4E69F005BC96F /* Sources */ = {
			isa = PBXSourcesBuildPhase;
			buildActionMask = 2147483647;
			files = (
				DD9DF89D1AB4E69F005BC96F /* AppDelegate.m in Sources */,
				DD8D4A8D1AEAF467005101B5 /* ToDoItem.m in Sources */,
				DD47CA9E1AE737A600B4A7E6 /* ToDoListTableViewController.m in Sources */,
				DD9DF89A1AB4E69F005BC96F /* main.m in Sources */,
				DD47CA9B1AE7371800B4A7E6 /* AddToDoItemViewController.m in Sources */,
			);
			runOnlyForDeploymentPostprocessing = 0;
		};
		DD9DF8A91AB4E69F005BC96F /* Sources */ = {
			isa = PBXSourcesBuildPhase;
			buildActionMask = 2147483647;
			files = (
				DD1EF6481AF305840051B81B /* AddToDoItemViewControllerSpec.m in Sources */,
				DD8AA17E1AF5926000F18DA4 /* ToDoListTableViewControllerSpec.m in Sources */,
				DDEBE8431AF1D979002847EE /* ToDoItem.m in Sources */,
				DD8AA17F1AF5927300F18DA4 /* ToDoListTableViewController.m in Sources */,
				DDEBE8421AF1D914002847EE /* ToDoItemSpec.m in Sources */,
				DD1EF6491AF305B80051B81B /* AddToDoItemViewController.m in Sources */,
			);
			runOnlyForDeploymentPostprocessing = 0;
		};
/* End PBXSourcesBuildPhase section */

/* Begin PBXTargetDependency section */
		DD9DF8AF1AB4E69F005BC96F /* PBXTargetDependency */ = {
			isa = PBXTargetDependency;
			target = DD9DF8931AB4E69F005BC96F /* ToDoList */;
			targetProxy = DD9DF8AE1AB4E69F005BC96F /* PBXContainerItemProxy */;
		};
/* End PBXTargetDependency section */

/* Begin PBXVariantGroup section */
		DD9DF8A11AB4E69F005BC96F /* Main.storyboard */ = {
			isa = PBXVariantGroup;
			children = (
				DD9DF8A21AB4E69F005BC96F /* Base */,
			);
			name = Main.storyboard;
			sourceTree = "<group>";
		};
		DD9DF8A61AB4E69F005BC96F /* LaunchScreen.xib */ = {
			isa = PBXVariantGroup;
			children = (
				DD9DF8A71AB4E69F005BC96F /* Base */,
			);
			name = LaunchScreen.xib;
			sourceTree = "<group>";
		};
/* End PBXVariantGroup section */

/* Begin XCBuildConfiguration section */
		DD9DF8B51AB4E69F005BC96F /* Debug */ = {
			isa = XCBuildConfiguration;
			buildSettings = {
				ALWAYS_SEARCH_USER_PATHS = NO;
				CLANG_CXX_LANGUAGE_STANDARD = "gnu++0x";
				CLANG_CXX_LIBRARY = "libc++";
				CLANG_ENABLE_MODULES = YES;
				CLANG_ENABLE_OBJC_ARC = YES;
				CLANG_WARN_BOOL_CONVERSION = YES;
				CLANG_WARN_CONSTANT_CONVERSION = YES;
				CLANG_WARN_DIRECT_OBJC_ISA_USAGE = YES_ERROR;
				CLANG_WARN_EMPTY_BODY = YES;
				CLANG_WARN_ENUM_CONVERSION = YES;
				CLANG_WARN_INT_CONVERSION = YES;
				CLANG_WARN_OBJC_ROOT_CLASS = YES_ERROR;
				CLANG_WARN_UNREACHABLE_CODE = YES;
				CLANG_WARN__DUPLICATE_METHOD_MATCH = YES;
				"CODE_SIGN_IDENTITY[sdk=iphoneos*]" = "iPhone Developer";
				COPY_PHASE_STRIP = NO;
				ENABLE_STRICT_OBJC_MSGSEND = YES;
				GCC_C_LANGUAGE_STANDARD = gnu99;
				GCC_DYNAMIC_NO_PIC = NO;
				GCC_OPTIMIZATION_LEVEL = 0;
				GCC_PREPROCESSOR_DEFINITIONS = (
					"DEBUG=1",
					"$(inherited)",
				);
				GCC_SYMBOLS_PRIVATE_EXTERN = NO;
				GCC_WARN_64_TO_32_BIT_CONVERSION = YES;
				GCC_WARN_ABOUT_RETURN_TYPE = YES_ERROR;
				GCC_WARN_UNDECLARED_SELECTOR = YES;
				GCC_WARN_UNINITIALIZED_AUTOS = YES_AGGRESSIVE;
				GCC_WARN_UNUSED_FUNCTION = YES;
				GCC_WARN_UNUSED_VARIABLE = YES;
				IPHONEOS_DEPLOYMENT_TARGET = 8.2;
				MTL_ENABLE_DEBUG_INFO = YES;
				ONLY_ACTIVE_ARCH = YES;
				SDKROOT = iphoneos;
				TARGETED_DEVICE_FAMILY = "1,2";
			};
			name = Debug;
		};
		DD9DF8B61AB4E69F005BC96F /* Release */ = {
			isa = XCBuildConfiguration;
			buildSettings = {
				ALWAYS_SEARCH_USER_PATHS = NO;
				CLANG_CXX_LANGUAGE_STANDARD = "gnu++0x";
				CLANG_CXX_LIBRARY = "libc++";
				CLANG_ENABLE_MODULES = YES;
				CLANG_ENABLE_OBJC_ARC = YES;
				CLANG_WARN_BOOL_CONVERSION = YES;
				CLANG_WARN_CONSTANT_CONVERSION = YES;
				CLANG_WARN_DIRECT_OBJC_ISA_USAGE = YES_ERROR;
				CLANG_WARN_EMPTY_BODY = YES;
				CLANG_WARN_ENUM_CONVERSION = YES;
				CLANG_WARN_INT_CONVERSION = YES;
				CLANG_WARN_OBJC_ROOT_CLASS = YES_ERROR;
				CLANG_WARN_UNREACHABLE_CODE = YES;
				CLANG_WARN__DUPLICATE_METHOD_MATCH = YES;
				"CODE_SIGN_IDENTITY[sdk=iphoneos*]" = "iPhone Developer";
				COPY_PHASE_STRIP = NO;
				ENABLE_NS_ASSERTIONS = NO;
				ENABLE_STRICT_OBJC_MSGSEND = YES;
				GCC_C_LANGUAGE_STANDARD = gnu99;
				GCC_WARN_64_TO_32_BIT_CONVERSION = YES;
				GCC_WARN_ABOUT_RETURN_TYPE = YES_ERROR;
				GCC_WARN_UNDECLARED_SELECTOR = YES;
				GCC_WARN_UNINITIALIZED_AUTOS = YES_AGGRESSIVE;
				GCC_WARN_UNUSED_FUNCTION = YES;
				GCC_WARN_UNUSED_VARIABLE = YES;
				IPHONEOS_DEPLOYMENT_TARGET = 8.2;
				MTL_ENABLE_DEBUG_INFO = NO;
				SDKROOT = iphoneos;
				TARGETED_DEVICE_FAMILY = "1,2";
				VALIDATE_PRODUCT = YES;
			};
			name = Release;
		};
		DD9DF8B81AB4E69F005BC96F /* Debug */ = {
			isa = XCBuildConfiguration;
			buildSettings = {
				ASSETCATALOG_COMPILER_APPICON_NAME = AppIcon;
				INFOPLIST_FILE = ToDoList/Info.plist;
				LD_RUNPATH_SEARCH_PATHS = "$(inherited) @executable_path/Frameworks";
				PRODUCT_NAME = "$(TARGET_NAME)";
			};
			name = Debug;
		};
		DD9DF8B91AB4E69F005BC96F /* Release */ = {
			isa = XCBuildConfiguration;
			buildSettings = {
				ASSETCATALOG_COMPILER_APPICON_NAME = AppIcon;
				INFOPLIST_FILE = ToDoList/Info.plist;
				LD_RUNPATH_SEARCH_PATHS = "$(inherited) @executable_path/Frameworks";
				PRODUCT_NAME = "$(TARGET_NAME)";
			};
			name = Release;
		};
		DD9DF8BB1AB4E69F005BC96F /* Debug */ = {
			isa = XCBuildConfiguration;
			buildSettings = {
				BUNDLE_LOADER = "$(TEST_HOST)";
				FRAMEWORK_SEARCH_PATHS = (
					"$(SDKROOT)/Developer/Library/Frameworks",
					"$(inherited)",
				);
				GCC_PREPROCESSOR_DEFINITIONS = (
					"DEBUG=1",
					"$(inherited)",
				);
				INFOPLIST_FILE = ToDoListTests/Info.plist;
				LD_RUNPATH_SEARCH_PATHS = "$(inherited) @executable_path/Frameworks @loader_path/Frameworks";
				PRODUCT_NAME = "$(TARGET_NAME)";
				TEST_HOST = "$(BUILT_PRODUCTS_DIR)/ToDoList.app/ToDoList";
			};
			name = Debug;
		};
		DD9DF8BC1AB4E69F005BC96F /* Release */ = {
			isa = XCBuildConfiguration;
			buildSettings = {
				BUNDLE_LOADER = "$(TEST_HOST)";
				FRAMEWORK_SEARCH_PATHS = (
					"$(SDKROOT)/Developer/Library/Frameworks",
					"$(inherited)",
				);
				INFOPLIST_FILE = ToDoListTests/Info.plist;
				LD_RUNPATH_SEARCH_PATHS = "$(inherited) @executable_path/Frameworks @loader_path/Frameworks";
				PRODUCT_NAME = "$(TARGET_NAME)";
				TEST_HOST = "$(BUILT_PRODUCTS_DIR)/ToDoList.app/ToDoList";
			};
			name = Release;
		};
/* End XCBuildConfiguration section */

/* Begin XCConfigurationList section */
		DD9DF88F1AB4E69F005BC96F /* Build configuration list for PBXProject "ToDoList" */ = {
			isa = XCConfigurationList;
			buildConfigurations = (
				DD9DF8B51AB4E69F005BC96F /* Debug */,
				DD9DF8B61AB4E69F005BC96F /* Release */,
			);
			defaultConfigurationIsVisible = 0;
			defaultConfigurationName = Release;
		};
		DD9DF8B71AB4E69F005BC96F /* Build configuration list for PBXNativeTarget "ToDoList" */ = {
			isa = XCConfigurationList;
			buildConfigurations = (
				DD9DF8B81AB4E69F005BC96F /* Debug */,
				DD9DF8B91AB4E69F005BC96F /* Release */,
			);
			defaultConfigurationIsVisible = 0;
			defaultConfigurationName = Release;
		};
		DD9DF8BA1AB4E69F005BC96F /* Build configuration list for PBXNativeTarget "ToDoListTests" */ = {
			isa = XCConfigurationList;
			buildConfigurations = (
				DD9DF8BB1AB4E69F005BC96F /* Debug */,
				DD9DF8BC1AB4E69F005BC96F /* Release */,
			);
			defaultConfigurationIsVisible = 0;
			defaultConfigurationName = Release;
		};
/* End XCConfigurationList section */
	};
	rootObject = DD9DF88C1AB4E69F005BC96F /* Project object */;
}
